// !$*UTF8*$!
{
	archiveVersion = 1;
	classes = {
	};
	objectVersion = 46;
	objects = {

/* Begin PBXBuildFile section */
		9CAB34031C75E48D00FE67C6 /* imgLoader.swift in Sources */ = {isa = PBXBuildFile; fileRef = 9CAB34021C75E48D00FE67C6 /* imgLoader.swift */; };
		9CAB34051C75E9A900FE67C6 /* cardCell.swift in Sources */ = {isa = PBXBuildFile; fileRef = 9CAB34041C75E9A900FE67C6 /* cardCell.swift */; };
		9CD107E61C71BC10007B0824 /* AppDelegate.swift in Sources */ = {isa = PBXBuildFile; fileRef = 9CD107E51C71BC10007B0824 /* AppDelegate.swift */; };
		9CD107E81C71BC10007B0824 /* MasterViewController.swift in Sources */ = {isa = PBXBuildFile; fileRef = 9CD107E71C71BC10007B0824 /* MasterViewController.swift */; };
		9CD107EA1C71BC10007B0824 /* DetailViewController.swift in Sources */ = {isa = PBXBuildFile; fileRef = 9CD107E91C71BC10007B0824 /* DetailViewController.swift */; };
		9CD107ED1C71BC10007B0824 /* Main.storyboard in Resources */ = {isa = PBXBuildFile; fileRef = 9CD107EB1C71BC10007B0824 /* Main.storyboard */; };
		9CD107EF1C71BC10007B0824 /* Assets.xcassets in Resources */ = {isa = PBXBuildFile; fileRef = 9CD107EE1C71BC10007B0824 /* Assets.xcassets */; };
		9CD107F21C71BC10007B0824 /* LaunchScreen.storyboard in Resources */ = {isa = PBXBuildFile; fileRef = 9CD107F01C71BC10007B0824 /* LaunchScreen.storyboard */; };
		9CD107FD1C731025007B0824 /* Post.swift in Sources */ = {isa = PBXBuildFile; fileRef = 9CD107FC1C731024007B0824 /* Post.swift */; };
		9CD107FF1C731760007B0824 /* Posts.swift in Sources */ = {isa = PBXBuildFile; fileRef = 9CD107FE1C731760007B0824 /* Posts.swift */; };
/* End PBXBuildFile section */

/* Begin PBXFileReference section */
		9CAB34021C75E48D00FE67C6 /* imgLoader.swift */ = {isa = PBXFileReference; fileEncoding = 4; lastKnownFileType = sourcecode.swift; path = imgLoader.swift; sourceTree = "<group>"; };
		9CAB34041C75E9A900FE67C6 /* cardCell.swift */ = {isa = PBXFileReference; fileEncoding = 4; lastKnownFileType = sourcecode.swift; path = cardCell.swift; sourceTree = "<group>"; };
		9CD107E21C71BC10007B0824 /* bw.app */ = {isa = PBXFileReference; explicitFileType = wrapper.application; includeInIndex = 0; path = bw.app; sourceTree = BUILT_PRODUCTS_DIR; };
		9CD107E51C71BC10007B0824 /* AppDelegate.swift */ = {isa = PBXFileReference; lastKnownFileType = sourcecode.swift; path = AppDelegate.swift; sourceTree = "<group>"; };
		9CD107E71C71BC10007B0824 /* MasterViewController.swift */ = {isa = PBXFileReference; lastKnownFileType = sourcecode.swift; path = MasterViewController.swift; sourceTree = "<group>"; };
		9CD107E91C71BC10007B0824 /* DetailViewController.swift */ = {isa = PBXFileReference; lastKnownFileType = sourcecode.swift; path = DetailViewController.swift; sourceTree = "<group>"; };
		9CD107EC1C71BC10007B0824 /* Base */ = {isa = PBXFileReference; lastKnownFileType = file.storyboard; name = Base; path = Base.lproj/Main.storyboard; sourceTree = "<group>"; };
		9CD107EE1C71BC10007B0824 /* Assets.xcassets */ = {isa = PBXFileReference; lastKnownFileType = folder.assetcatalog; path = Assets.xcassets; sourceTree = "<group>"; };
		9CD107F11C71BC10007B0824 /* Base */ = {isa = PBXFileReference; lastKnownFileType = file.storyboard; name = Base; path = Base.lproj/LaunchScreen.storyboard; sourceTree = "<group>"; };
		9CD107F31C71BC10007B0824 /* Info.plist */ = {isa = PBXFileReference; lastKnownFileType = text.plist.xml; path = Info.plist; sourceTree = "<group>"; };
		9CD107FC1C731024007B0824 /* Post.swift */ = {isa = PBXFileReference; fileEncoding = 4; lastKnownFileType = sourcecode.swift; path = Post.swift; sourceTree = "<group>"; };
		9CD107FE1C731760007B0824 /* Posts.swift */ = {isa = PBXFileReference; fileEncoding = 4; lastKnownFileType = sourcecode.swift; path = Posts.swift; sourceTree = "<group>"; };
/* End PBXFileReference section */

/* Begin PBXFrameworksBuildPhase section */
		9CD107DF1C71BC10007B0824 /* Frameworks */ = {
			isa = PBXFrameworksBuildPhase;
			buildActionMask = 2147483647;
			files = (
			);
			runOnlyForDeploymentPostprocessing = 0;
		};
/* End PBXFrameworksBuildPhase section */

/* Begin PBXGroup section */
		9CD107D91C71BC0F007B0824 = {
			isa = PBXGroup;
			children = (
				9CD107E41C71BC10007B0824 /* bw */,
				9CD107E31C71BC10007B0824 /* Products */,
			);
			sourceTree = "<group>";
		};
		9CD107E31C71BC10007B0824 /* Products */ = {
			isa = PBXGroup;
			children = (
				9CD107E21C71BC10007B0824 /* bw.app */,
			);
			name = Products;
			sourceTree = "<group>";
		};
		9CD107E41C71BC10007B0824 /* bw */ = {
			isa = PBXGroup;
			children = (
				9CD107FB1C7302D2007B0824 /* User class */,
				9CD107E51C71BC10007B0824 /* AppDelegate.swift */,
				9CD107E71C71BC10007B0824 /* MasterViewController.swift */,
				9CD107E91C71BC10007B0824 /* DetailViewController.swift */,
				9CD107EB1C71BC10007B0824 /* Main.storyboard */,
				9CD107EE1C71BC10007B0824 /* Assets.xcassets */,
				9CD107F01C71BC10007B0824 /* LaunchScreen.storyboard */,
				9CD107F31C71BC10007B0824 /* Info.plist */,
			);
			path = bw;
			sourceTree = "<group>";
		};
		9CD107FB1C7302D2007B0824 /* User class */ = {
			isa = PBXGroup;
			children = (
				9CD107FC1C731024007B0824 /* Post.swift */,
				9CD107FE1C731760007B0824 /* Posts.swift */,
				9CAB34021C75E48D00FE67C6 /* imgLoader.swift */,
				9CAB34041C75E9A900FE67C6 /* cardCell.swift */,
			);
			name = "User class";
			sourceTree = "<group>";
		};
/* End PBXGroup section */

/* Begin PBXNativeTarget section */
		9CD107E11C71BC10007B0824 /* bw */ = {
			isa = PBXNativeTarget;
			buildConfigurationList = 9CD107F61C71BC10007B0824 /* Build configuration list for PBXNativeTarget "bw" */;
			buildPhases = (
				9CD107DE1C71BC10007B0824 /* Sources */,
				9CD107DF1C71BC10007B0824 /* Frameworks */,
				9CD107E01C71BC10007B0824 /* Resources */,
			);
			buildRules = (
			);
			dependencies = (
			);
			name = bw;
			productName = bw;
			productReference = 9CD107E21C71BC10007B0824 /* bw.app */;
			productType = "com.apple.product-type.application";
		};
/* End PBXNativeTarget section */

/* Begin PBXProject section */
		9CD107DA1C71BC0F007B0824 /* Project object */ = {
			isa = PBXProject;
			attributes = {
				LastUpgradeCheck = 0700;
				ORGANIZATIONNAME = "Андрей Скороходов";
				TargetAttributes = {
					9CD107E11C71BC10007B0824 = {
						CreatedOnToolsVersion = 7.0.1;
					};
				};
			};
			buildConfigurationList = 9CD107DD1C71BC10007B0824 /* Build configuration list for PBXProject "bw" */;
			compatibilityVersion = "Xcode 3.2";
			developmentRegion = English;
			hasScannedForEncodings = 0;
			knownRegions = (
				en,
				Base,
			);
			mainGroup = 9CD107D91C71BC0F007B0824;
			productRefGroup = 9CD107E31C71BC10007B0824 /* Products */;
			projectDirPath = "";
			projectRoot = "";
			targets = (
				9CD107E11C71BC10007B0824 /* bw */,
			);
		};
/* End PBXProject section */

/* Begin PBXResourcesBuildPhase section */
		9CD107E01C71BC10007B0824 /* Resources */ = {
			isa = PBXResourcesBuildPhase;
			buildActionMask = 2147483647;
			files = (
				9CD107F21C71BC10007B0824 /* LaunchScreen.storyboard in Resources */,
				9CD107EF1C71BC10007B0824 /* Assets.xcassets in Resources */,
				9CD107ED1C71BC10007B0824 /* Main.storyboard in Resources */,
			);
			runOnlyForDeploymentPostprocessing = 0;
		};
/* End PBXResourcesBuildPhase section */

/* Begin PBXSourcesBuildPhase section */
		9CD107DE1C71BC10007B0824 /* Sources */ = {
			isa = PBXSourcesBuildPhase;
			buildActionMask = 2147483647;
			files = (
				9CD107FF1C731760007B0824 /* Posts.swift in Sources */,
				9CAB34051C75E9A900FE67C6 /* cardCell.swift in Sources */,
				9CD107EA1C71BC10007B0824 /* DetailViewController.swift in Sources */,
				9CAB34031C75E48D00FE67C6 /* imgLoader.swift in Sources */,
				9CD107E81C71BC10007B0824 /* MasterViewController.swift in Sources */,
				9CD107E61C71BC10007B0824 /* AppDelegate.swift in Sources */,
				9CD107FD1C731025007B0824 /* Post.swift in Sources */,
			);
			runOnlyForDeploymentPostprocessing = 0;
		};
/* End PBXSourcesBuildPhase section */

/* Begin PBXVariantGroup section */
		9CD107EB1C71BC10007B0824 /* Main.storyboard */ = {
			isa = PBXVariantGroup;
			children = (
				9CD107EC1C71BC10007B0824 /* Base */,
			);
			name = Main.storyboard;
			sourceTree = "<group>";
		};
		9CD107F01C71BC10007B0824 /* LaunchScreen.storyboard */ = {
			isa = PBXVariantGroup;
			children = (
				9CD107F11C71BC10007B0824 /* Base */,
			);
			name = LaunchScreen.storyboard;
			sourceTree = "<group>";
		};
/* End PBXVariantGroup section */

/* Begin XCBuildConfiguration section */
		9CD107F41C71BC10007B0824 /* Debug */ = {
			isa = XCBuildConfiguration;
			buildSettings = {
				ALWAYS_SEARCH_USER_PATHS = NO;
				CLANG_CXX_LANGUAGE_STANDARD = "gnu++0x";
				CLANG_CXX_LIBRARY = "libc++";
				CLANG_ENABLE_MODULES = YES;
				CLANG_ENABLE_OBJC_ARC = YES;
				CLANG_WARN_BOOL_CONVERSION = YES;
				CLANG_WARN_CONSTANT_CONVERSION = YES;
				CLANG_WARN_DIRECT_OBJC_ISA_USAGE = YES_ERROR;
				CLANG_WARN_EMPTY_BODY = YES;
				CLANG_WARN_ENUM_CONVERSION = YES;
				CLANG_WARN_INT_CONVERSION = YES;
				CLANG_WARN_OBJC_ROOT_CLASS = YES_ERROR;
				CLANG_WARN_UNREACHABLE_CODE = YES;
				CLANG_WARN__DUPLICATE_METHOD_MATCH = YES;
				"CODE_SIGN_IDENTITY[sdk=iphoneos*]" = "iPhone Developer";
				COPY_PHASE_STRIP = NO;
				DEBUG_INFORMATION_FORMAT = dwarf;
				ENABLE_STRICT_OBJC_MSGSEND = YES;
				ENABLE_TESTABILITY = YES;
				GCC_C_LANGUAGE_STANDARD = gnu99;
				GCC_DYNAMIC_NO_PIC = NO;
				GCC_NO_COMMON_BLOCKS = YES;
				GCC_OPTIMIZATION_LEVEL = 0;
				GCC_PREPROCESSOR_DEFINITIONS = (
					"DEBUG=1",
					"$(inherited)",
				);
				GCC_WARN_64_TO_32_BIT_CONVERSION = YES;
				GCC_WARN_ABOUT_RETURN_TYPE = YES_ERROR;
				GCC_WARN_UNDECLARED_SELECTOR = YES;
				GCC_WARN_UNINITIALIZED_AUTOS = YES_AGGRESSIVE;
				GCC_WARN_UNUSED_FUNCTION = YES;
				GCC_WARN_UNUSED_VARIABLE = YES;
				IPHONEOS_DEPLOYMENT_TARGET = 9.0;
				MTL_ENABLE_DEBUG_INFO = YES;
				ONLY_ACTIVE_ARCH = YES;
				SDKROOT = iphoneos;
				SWIFT_OPTIMIZATION_LEVEL = "-Onone";
			};
			name = Debug;
		};
		9CD107F51C71BC10007B0824 /* Release */ = {
			isa = XCBuildConfiguration;
			buildSettings = {
				ALWAYS_SEARCH_USER_PATHS = NO;
				CLANG_CXX_LANGUAGE_STANDARD = "gnu++0x";
				CLANG_CXX_LIBRARY = "libc++";
				CLANG_ENABLE_MODULES = YES;
				CLANG_ENABLE_OBJC_ARC = YES;
				CLANG_WARN_BOOL_CONVERSION = YES;
				CLANG_WARN_CONSTANT_CONVERSION = YES;
				CLANG_WARN_DIRECT_OBJC_ISA_USAGE = YES_ERROR;
				CLANG_WARN_EMPTY_BODY = YES;
				CLANG_WARN_ENUM_CONVERSION = YES;
				CLANG_WARN_INT_CONVERSION = YES;
				CLANG_WARN_OBJC_ROOT_CLASS = YES_ERROR;
				CLANG_WARN_UNREACHABLE_CODE = YES;
				CLANG_WARN__DUPLICATE_METHOD_MATCH = YES;
				"CODE_SIGN_IDENTITY[sdk=iphoneos*]" = "iPhone Developer";
				COPY_PHASE_STRIP = NO;
				DEBUG_INFORMATION_FORMAT = "dwarf-with-dsym";
				ENABLE_NS_ASSERTIONS = NO;
				ENABLE_STRICT_OBJC_MSGSEND = YES;
				GCC_C_LANGUAGE_STANDARD = gnu99;
				GCC_NO_COMMON_BLOCKS = YES;
				GCC_WARN_64_TO_32_BIT_CONVERSION = YES;
				GCC_WARN_ABOUT_RETURN_TYPE = YES_ERROR;
				GCC_WARN_UNDECLARED_SELECTOR = YES;
				GCC_WARN_UNINITIALIZED_AUTOS = YES_AGGRESSIVE;
				GCC_WARN_UNUSED_FUNCTION = YES;
				GCC_WARN_UNUSED_VARIABLE = YES;
				IPHONEOS_DEPLOYMENT_TARGET = 9.0;
				MTL_ENABLE_DEBUG_INFO = NO;
				SDKROOT = iphoneos;
				VALIDATE_PRODUCT = YES;
			};
			name = Release;
		};
		9CD107F71C71BC10007B0824 /* Debug */ = {
			isa = XCBuildConfiguration;
			buildSettings = {
				ASSETCATALOG_COMPILER_APPICON_NAME = AppIcon;
				INFOPLIST_FILE = bw/Info.plist;
				LD_RUNPATH_SEARCH_PATHS = "$(inherited) @executable_path/Frameworks";
				PRODUCT_BUNDLE_IDENTIFIER = ru.budgetworld.bw;
				PRODUCT_NAME = "$(TARGET_NAME)";
			};
			name = Debug;
		};
		9CD107F81C71BC10007B0824 /* Release */ = {
			isa = XCBuildConfiguration;
			buildSettings = {
				ASSETCATALOG_COMPILER_APPICON_NAME = AppIcon;
				INFOPLIST_FILE = bw/Info.plist;
				LD_RUNPATH_SEARCH_PATHS = "$(inherited) @executable_path/Frameworks";
				PRODUCT_BUNDLE_IDENTIFIER = ru.budgetworld.bw;
				PRODUCT_NAME = "$(TARGET_NAME)";
			};
			name = Release;
		};
/* End XCBuildConfiguration section */

/* Begin XCConfigurationList section */
		9CD107DD1C71BC10007B0824 /* Build configuration list for PBXProject "bw" */ = {
			isa = XCConfigurationList;
			buildConfigurations = (
				9CD107F41C71BC10007B0824 /* Debug */,
				9CD107F51C71BC10007B0824 /* Release */,
			);
			defaultConfigurationIsVisible = 0;
			defaultConfigurationName = Release;
		};
		9CD107F61C71BC10007B0824 /* Build configuration list for PBXNativeTarget "bw" */ = {
			isa = XCConfigurationList;
			buildConfigurations = (
				9CD107F71C71BC10007B0824 /* Debug */,
				9CD107F81C71BC10007B0824 /* Release */,
			);
			defaultConfigurationIsVisible = 0;
			defaultConfigurationName = Release;
		};
/* End XCConfigurationList section */
	};
	rootObject = 9CD107DA1C71BC0F007B0824 /* Project object */;
}
